
Microsoft Visual Studio Solution File, Format Version 12.00
# Visual Studio Version 16
VisualStudioVersion = 16.0.31624.102
MinimumVisualStudioVersion = 10.0.40219.1
Project("{FAE04EC0-301F-11D3-BF4B-00C04F79EFBC}") = "WebshopBackendApi", "WebshopBackendApi\WebshopBackendApi.csproj", "{38794DFD-1D36-4938-BEAD-B88687AE9C82}"
EndProject
Global
	GlobalSection(SolutionConfigurationPlatforms) = preSolution
		Debug|Any CPU = Debug|Any CPU
		Release|Any CPU = Release|Any CPU
	EndGlobalSection
	GlobalSection(ProjectConfigurationPlatforms) = postSolution
		{38794DFD-1D36-4938-BEAD-B88687AE9C82}.Debug|Any CPU.ActiveCfg = Debug|Any CPU
		{38794DFD-1D36-4938-BEAD-B88687AE9C82}.Debug|Any CPU.Build.0 = Debug|Any CPU
		{38794DFD-1D36-4938-BEAD-B88687AE9C82}.Release|Any CPU.ActiveCfg = Release|Any CPU
		{38794DFD-1D36-4938-BEAD-B88687AE9C82}.Release|Any CPU.Build.0 = Release|Any CPU
	EndGlobalSection
	GlobalSection(SolutionProperties) = preSolution
		HideSolutionNode = FALSE
	EndGlobalSection
	GlobalSection(ExtensibilityGlobals) = postSolution
		SolutionGuid = {B8EF4C4B-B5D9-4F85-9975-2D3A0730C05A}
	EndGlobalSection
EndGlobal
